
Microsoft Visual Studio Solution File, Format Version 12.00
# Visual Studio Version 17
VisualStudioVersion = 17.7.34221.43
MinimumVisualStudioVersion = 10.0.40219.1
Project("{FAE04EC0-301F-11D3-BF4B-00C04F79EFBC}") = "WebTournament.WebApp", "WebTournament\WebTournament.WebApp.csproj", "{6DE1071A-8333-4718-B94B-F71397292E8E}"
EndProject
Global
	GlobalSection(SolutionConfigurationPlatforms) = preSolution
		Debug|Any CPU = Debug|Any CPU
		Release|Any CPU = Release|Any CPU
	EndGlobalSection
	GlobalSection(ProjectConfigurationPlatforms) = postSolution
		{6DE1071A-8333-4718-B94B-F71397292E8E}.Debug|Any CPU.ActiveCfg = Debug|Any CPU
		{6DE1071A-8333-4718-B94B-F71397292E8E}.Debug|Any CPU.Build.0 = Debug|Any CPU
		{6DE1071A-8333-4718-B94B-F71397292E8E}.Release|Any CPU.ActiveCfg = Release|Any CPU
		{6DE1071A-8333-4718-B94B-F71397292E8E}.Release|Any CPU.Build.0 = Release|Any CPU
	EndGlobalSection
	GlobalSection(SolutionProperties) = preSolution
		HideSolutionNode = FALSE
	EndGlobalSection
	GlobalSection(ExtensibilityGlobals) = postSolution
		SolutionGuid = {05B708EE-B49F-413F-9817-87D840CD3AA4}
	EndGlobalSection
EndGlobal
