
Microsoft Visual Studio Solution File, Format Version 12.00
# Visual Studio Version 17
VisualStudioVersion = 17.7.34221.43
MinimumVisualStudioVersion = 10.0.40219.1
Project("{9A19103F-16F7-4668-BE54-9A1E7A4F7556}") = "WebTournament.WebApp", "WebTournament\WebTournament.WebApp.csproj", "{6DE1071A-8333-4718-B94B-F71397292E8E}"
EndProject
Project("{9A19103F-16F7-4668-BE54-9A1E7A4F7556}") = "DataAccess.DataBase", "WebTournament.DataAccess.DataBase\DataAccess.DataBase.csproj", "{C514515C-6C6C-4A34-BCA4-C3F218FEB577}"
EndProject
Project("{9A19103F-16F7-4668-BE54-9A1E7A4F7556}") = "DataAccess.Abstract", "WebTournament.DataAccess.Abstract\DataAccess.Abstract.csproj", "{7B5E965C-E610-489A-B743-370E1357528B}"
EndProject
Project("{9A19103F-16F7-4668-BE54-9A1E7A4F7556}") = "DependencyInjection", "WebTournament.DependencyInjection\DependencyInjection.csproj", "{5912B41B-B9D6-4E31-BD61-0F75FBE2BD75}"
EndProject
Project("{2150E333-8FDC-42A3-9474-1A3956D46DE8}") = "Infrastructure", "Infrastructure", "{315E2567-6A0A-4305-A4D2-D8278CF7656C}"
EndProject
Project("{2150E333-8FDC-42A3-9474-1A3956D46DE8}") = "WebApplication", "WebApplication", "{A682C0DD-7707-432C-B19C-1EB57D1E0957}"
EndProject
Project("{9A19103F-16F7-4668-BE54-9A1E7A4F7556}") = "DataAccess.Domain", "DataAccess.Domain\DataAccess.Domain.csproj", "{8CB344E5-6315-44E3-B634-410B74A46400}"
EndProject
Project("{2150E333-8FDC-42A3-9474-1A3956D46DE8}") = "Solution Items", "Solution Items", "{2379FEA4-746A-4C61-B1F4-8DE4A0326C94}"
	ProjectSection(SolutionItems) = preProject
		.editorconfig = .editorconfig
	EndProjectSection
EndProject
Global
	GlobalSection(SolutionConfigurationPlatforms) = preSolution
		Debug|Any CPU = Debug|Any CPU
		Release|Any CPU = Release|Any CPU
	EndGlobalSection
	GlobalSection(ProjectConfigurationPlatforms) = postSolution
		{6DE1071A-8333-4718-B94B-F71397292E8E}.Debug|Any CPU.ActiveCfg = Debug|Any CPU
		{6DE1071A-8333-4718-B94B-F71397292E8E}.Debug|Any CPU.Build.0 = Debug|Any CPU
		{6DE1071A-8333-4718-B94B-F71397292E8E}.Release|Any CPU.ActiveCfg = Release|Any CPU
		{6DE1071A-8333-4718-B94B-F71397292E8E}.Release|Any CPU.Build.0 = Release|Any CPU
		{C514515C-6C6C-4A34-BCA4-C3F218FEB577}.Debug|Any CPU.ActiveCfg = Debug|Any CPU
		{C514515C-6C6C-4A34-BCA4-C3F218FEB577}.Debug|Any CPU.Build.0 = Debug|Any CPU
		{C514515C-6C6C-4A34-BCA4-C3F218FEB577}.Release|Any CPU.ActiveCfg = Release|Any CPU
		{C514515C-6C6C-4A34-BCA4-C3F218FEB577}.Release|Any CPU.Build.0 = Release|Any CPU
		{7B5E965C-E610-489A-B743-370E1357528B}.Debug|Any CPU.ActiveCfg = Debug|Any CPU
		{7B5E965C-E610-489A-B743-370E1357528B}.Debug|Any CPU.Build.0 = Debug|Any CPU
		{7B5E965C-E610-489A-B743-370E1357528B}.Release|Any CPU.ActiveCfg = Release|Any CPU
		{7B5E965C-E610-489A-B743-370E1357528B}.Release|Any CPU.Build.0 = Release|Any CPU
		{5912B41B-B9D6-4E31-BD61-0F75FBE2BD75}.Debug|Any CPU.ActiveCfg = Debug|Any CPU
		{5912B41B-B9D6-4E31-BD61-0F75FBE2BD75}.Debug|Any CPU.Build.0 = Debug|Any CPU
		{5912B41B-B9D6-4E31-BD61-0F75FBE2BD75}.Release|Any CPU.ActiveCfg = Release|Any CPU
		{5912B41B-B9D6-4E31-BD61-0F75FBE2BD75}.Release|Any CPU.Build.0 = Release|Any CPU
		{8CB344E5-6315-44E3-B634-410B74A46400}.Debug|Any CPU.ActiveCfg = Debug|Any CPU
		{8CB344E5-6315-44E3-B634-410B74A46400}.Debug|Any CPU.Build.0 = Debug|Any CPU
		{8CB344E5-6315-44E3-B634-410B74A46400}.Release|Any CPU.ActiveCfg = Release|Any CPU
		{8CB344E5-6315-44E3-B634-410B74A46400}.Release|Any CPU.Build.0 = Release|Any CPU
	EndGlobalSection
	GlobalSection(SolutionProperties) = preSolution
		HideSolutionNode = FALSE
	EndGlobalSection
	GlobalSection(NestedProjects) = preSolution
		{6DE1071A-8333-4718-B94B-F71397292E8E} = {A682C0DD-7707-432C-B19C-1EB57D1E0957}
		{C514515C-6C6C-4A34-BCA4-C3F218FEB577} = {315E2567-6A0A-4305-A4D2-D8278CF7656C}
		{7B5E965C-E610-489A-B743-370E1357528B} = {315E2567-6A0A-4305-A4D2-D8278CF7656C}
		{5912B41B-B9D6-4E31-BD61-0F75FBE2BD75} = {315E2567-6A0A-4305-A4D2-D8278CF7656C}
	EndGlobalSection
	GlobalSection(ExtensibilityGlobals) = postSolution
		SolutionGuid = {05B708EE-B49F-413F-9817-87D840CD3AA4}
	EndGlobalSection
EndGlobal
