
Microsoft Visual Studio Solution File, Format Version 12.00
# Visual Studio Version 17
VisualStudioVersion = 17.7.34221.43
MinimumVisualStudioVersion = 10.0.40219.1
Project("{9A19103F-16F7-4668-BE54-9A1E7A4F7556}") = "WebTournament.Presentation.MVC", "WebTournament\WebTournament.Presentation.MVC.csproj", "{6DE1071A-8333-4718-B94B-F71397292E8E}"
EndProject
Project("{2150E333-8FDC-42A3-9474-1A3956D46DE8}") = "Solution Items", "Solution Items", "{2379FEA4-746A-4C61-B1F4-8DE4A0326C94}"
	ProjectSection(SolutionItems) = preProject
		.editorconfig = .editorconfig
		docker-compose.yml = docker-compose.yml
	EndProjectSection
EndProject
Project("{2150E333-8FDC-42A3-9474-1A3956D46DE8}") = "Tests", "Tests", "{3F5DA954-1B5F-400C-83ED-201445B6F6BF}"
EndProject
Project("{FAE04EC0-301F-11D3-BF4B-00C04F79EFBC}") = "WebTournament.Business.Tests", "WebTournament.Business.Tests\WebTournament.Business.Tests.csproj", "{87760B43-2971-46AF-A488-0D284AA3F16A}"
EndProject
Project("{2150E333-8FDC-42A3-9474-1A3956D46DE8}") = "src", "src", "{3B924200-27FA-45A1-BDA1-992D80410484}"
EndProject
Project("{2150E333-8FDC-42A3-9474-1A3956D46DE8}") = "docs", "docs", "{40AD42B0-7081-4666-BCA7-6629BBBF341E}"
EndProject
Project("{FAE04EC0-301F-11D3-BF4B-00C04F79EFBC}") = "WebTournament.Infrastructure.Identity", "WebTournament.Infrastructure.Identity\WebTournament.Infrastructure.Identity.csproj", "{3FE71CC2-C2F4-4388-AB20-05DE9EFBFE55}"
EndProject
Project("{FAE04EC0-301F-11D3-BF4B-00C04F79EFBC}") = "WebTournament.Domain", "WebTournament.Domain\WebTournament.Domain.csproj", "{FCC8320A-B230-4139-A26E-63B7A97C5B54}"
EndProject
Project("{FAE04EC0-301F-11D3-BF4B-00C04F79EFBC}") = "WebTournament.Application", "WebTournament.Application\WebTournament.Application.csproj", "{146B385A-D9F6-468C-B125-5C0A4C1BF559}"
EndProject
Project("{FAE04EC0-301F-11D3-BF4B-00C04F79EFBC}") = "WebTournament.Infrastructure.Data", "WebTournament.Infrastructure.Data\WebTournament.Infrastructure.Data.csproj", "{AF1A8BA0-E768-4D43-87F3-022E8EB00265}"
EndProject
Project("{FAE04EC0-301F-11D3-BF4B-00C04F79EFBC}") = "WebTournament.Infrastructure.IoC", "WebTournament.Infrastructure.IoC\WebTournament.Infrastructure.IoC.csproj", "{63160E4C-D969-45AE-9521-91DF3C093D49}"
EndProject
Global
	GlobalSection(SolutionConfigurationPlatforms) = preSolution
		Debug|Any CPU = Debug|Any CPU
		Release|Any CPU = Release|Any CPU
	EndGlobalSection
	GlobalSection(ProjectConfigurationPlatforms) = postSolution
		{6DE1071A-8333-4718-B94B-F71397292E8E}.Debug|Any CPU.ActiveCfg = Debug|Any CPU
		{6DE1071A-8333-4718-B94B-F71397292E8E}.Debug|Any CPU.Build.0 = Debug|Any CPU
		{6DE1071A-8333-4718-B94B-F71397292E8E}.Release|Any CPU.ActiveCfg = Release|Any CPU
		{6DE1071A-8333-4718-B94B-F71397292E8E}.Release|Any CPU.Build.0 = Release|Any CPU
		{87760B43-2971-46AF-A488-0D284AA3F16A}.Debug|Any CPU.ActiveCfg = Debug|Any CPU
		{87760B43-2971-46AF-A488-0D284AA3F16A}.Debug|Any CPU.Build.0 = Debug|Any CPU
		{87760B43-2971-46AF-A488-0D284AA3F16A}.Release|Any CPU.ActiveCfg = Release|Any CPU
		{87760B43-2971-46AF-A488-0D284AA3F16A}.Release|Any CPU.Build.0 = Release|Any CPU
		{3FE71CC2-C2F4-4388-AB20-05DE9EFBFE55}.Debug|Any CPU.ActiveCfg = Debug|Any CPU
		{3FE71CC2-C2F4-4388-AB20-05DE9EFBFE55}.Debug|Any CPU.Build.0 = Debug|Any CPU
		{3FE71CC2-C2F4-4388-AB20-05DE9EFBFE55}.Release|Any CPU.ActiveCfg = Release|Any CPU
		{3FE71CC2-C2F4-4388-AB20-05DE9EFBFE55}.Release|Any CPU.Build.0 = Release|Any CPU
		{FCC8320A-B230-4139-A26E-63B7A97C5B54}.Debug|Any CPU.ActiveCfg = Debug|Any CPU
		{FCC8320A-B230-4139-A26E-63B7A97C5B54}.Debug|Any CPU.Build.0 = Debug|Any CPU
		{FCC8320A-B230-4139-A26E-63B7A97C5B54}.Release|Any CPU.ActiveCfg = Release|Any CPU
		{FCC8320A-B230-4139-A26E-63B7A97C5B54}.Release|Any CPU.Build.0 = Release|Any CPU
		{146B385A-D9F6-468C-B125-5C0A4C1BF559}.Debug|Any CPU.ActiveCfg = Debug|Any CPU
		{146B385A-D9F6-468C-B125-5C0A4C1BF559}.Debug|Any CPU.Build.0 = Debug|Any CPU
		{146B385A-D9F6-468C-B125-5C0A4C1BF559}.Release|Any CPU.ActiveCfg = Release|Any CPU
		{146B385A-D9F6-468C-B125-5C0A4C1BF559}.Release|Any CPU.Build.0 = Release|Any CPU
		{AF1A8BA0-E768-4D43-87F3-022E8EB00265}.Debug|Any CPU.ActiveCfg = Debug|Any CPU
		{AF1A8BA0-E768-4D43-87F3-022E8EB00265}.Debug|Any CPU.Build.0 = Debug|Any CPU
		{AF1A8BA0-E768-4D43-87F3-022E8EB00265}.Release|Any CPU.ActiveCfg = Release|Any CPU
		{AF1A8BA0-E768-4D43-87F3-022E8EB00265}.Release|Any CPU.Build.0 = Release|Any CPU
		{63160E4C-D969-45AE-9521-91DF3C093D49}.Debug|Any CPU.ActiveCfg = Debug|Any CPU
		{63160E4C-D969-45AE-9521-91DF3C093D49}.Debug|Any CPU.Build.0 = Debug|Any CPU
		{63160E4C-D969-45AE-9521-91DF3C093D49}.Release|Any CPU.ActiveCfg = Release|Any CPU
		{63160E4C-D969-45AE-9521-91DF3C093D49}.Release|Any CPU.Build.0 = Release|Any CPU
	EndGlobalSection
	GlobalSection(SolutionProperties) = preSolution
		HideSolutionNode = FALSE
	EndGlobalSection
	GlobalSection(NestedProjects) = preSolution
		{87760B43-2971-46AF-A488-0D284AA3F16A} = {3F5DA954-1B5F-400C-83ED-201445B6F6BF}
		{6DE1071A-8333-4718-B94B-F71397292E8E} = {3B924200-27FA-45A1-BDA1-992D80410484}
		{3FE71CC2-C2F4-4388-AB20-05DE9EFBFE55} = {3B924200-27FA-45A1-BDA1-992D80410484}
		{FCC8320A-B230-4139-A26E-63B7A97C5B54} = {3B924200-27FA-45A1-BDA1-992D80410484}
		{146B385A-D9F6-468C-B125-5C0A4C1BF559} = {3B924200-27FA-45A1-BDA1-992D80410484}
		{AF1A8BA0-E768-4D43-87F3-022E8EB00265} = {3B924200-27FA-45A1-BDA1-992D80410484}
		{63160E4C-D969-45AE-9521-91DF3C093D49} = {3B924200-27FA-45A1-BDA1-992D80410484}
	EndGlobalSection
	GlobalSection(ExtensibilityGlobals) = postSolution
		SolutionGuid = {05B708EE-B49F-413F-9817-87D840CD3AA4}
	EndGlobalSection
EndGlobal
